
Microsoft Visual Studio Solution File, Format Version 12.00
# Visual Studio Version 17
VisualStudioVersion = 17.7.34009.444
MinimumVisualStudioVersion = 10.0.40219.1
Project("{2150E333-8FDC-42A3-9474-1A3956D46DE8}") = "src", "src", "{F6D76DA0-0B81-4981-A406-80B15B01EAA7}"
EndProject
Project("{2150E333-8FDC-42A3-9474-1A3956D46DE8}") = "test", "test", "{7EFF9C76-895F-4636-8B35-B8BE9C79CC89}"
EndProject
Project("{9A19103F-16F7-4668-BE54-9A1E7A4F7556}") = "API", "src\API\API.csproj", "{DDBBAB89-8BF4-4987-9FE6-C89376822F53}"
EndProject
Project("{9A19103F-16F7-4668-BE54-9A1E7A4F7556}") = "Core", "src\Core\Core.csproj", "{FDD78C21-DA03-4EBE-B1AA-6AAFB364AFDD}"
EndProject
Project("{9A19103F-16F7-4668-BE54-9A1E7A4F7556}") = "Infrastructure", "src\Infrastructure\Infrastructure.csproj", "{0A4D235C-397A-42BD-A41F-E7A483787DCA}"
EndProject
Project("{9A19103F-16F7-4668-BE54-9A1E7A4F7556}") = "Application", "src\Application\Application.csproj", "{8AFA5653-8B52-42C6-9EAC-F5F21D0787C9}"
EndProject
Project("{9A19103F-16F7-4668-BE54-9A1E7A4F7556}") = "UnitTest", "test\UnitTest\UnitTest.csproj", "{450EA550-513D-4F1B-8B1B-8A294156BA23}"
EndProject
Global
	GlobalSection(SolutionConfigurationPlatforms) = preSolution
		Debug|Any CPU = Debug|Any CPU
		Release|Any CPU = Release|Any CPU
	EndGlobalSection
	GlobalSection(ProjectConfigurationPlatforms) = postSolution
		{DDBBAB89-8BF4-4987-9FE6-C89376822F53}.Debug|Any CPU.ActiveCfg = Debug|Any CPU
		{DDBBAB89-8BF4-4987-9FE6-C89376822F53}.Debug|Any CPU.Build.0 = Debug|Any CPU
		{DDBBAB89-8BF4-4987-9FE6-C89376822F53}.Release|Any CPU.ActiveCfg = Release|Any CPU
		{DDBBAB89-8BF4-4987-9FE6-C89376822F53}.Release|Any CPU.Build.0 = Release|Any CPU
		{FDD78C21-DA03-4EBE-B1AA-6AAFB364AFDD}.Debug|Any CPU.ActiveCfg = Debug|Any CPU
		{FDD78C21-DA03-4EBE-B1AA-6AAFB364AFDD}.Debug|Any CPU.Build.0 = Debug|Any CPU
		{FDD78C21-DA03-4EBE-B1AA-6AAFB364AFDD}.Release|Any CPU.ActiveCfg = Release|Any CPU
		{FDD78C21-DA03-4EBE-B1AA-6AAFB364AFDD}.Release|Any CPU.Build.0 = Release|Any CPU
		{0A4D235C-397A-42BD-A41F-E7A483787DCA}.Debug|Any CPU.ActiveCfg = Debug|Any CPU
		{0A4D235C-397A-42BD-A41F-E7A483787DCA}.Debug|Any CPU.Build.0 = Debug|Any CPU
		{0A4D235C-397A-42BD-A41F-E7A483787DCA}.Release|Any CPU.ActiveCfg = Release|Any CPU
		{0A4D235C-397A-42BD-A41F-E7A483787DCA}.Release|Any CPU.Build.0 = Release|Any CPU
		{8AFA5653-8B52-42C6-9EAC-F5F21D0787C9}.Debug|Any CPU.ActiveCfg = Debug|Any CPU
		{8AFA5653-8B52-42C6-9EAC-F5F21D0787C9}.Debug|Any CPU.Build.0 = Debug|Any CPU
		{8AFA5653-8B52-42C6-9EAC-F5F21D0787C9}.Release|Any CPU.ActiveCfg = Release|Any CPU
		{8AFA5653-8B52-42C6-9EAC-F5F21D0787C9}.Release|Any CPU.Build.0 = Release|Any CPU
		{450EA550-513D-4F1B-8B1B-8A294156BA23}.Debug|Any CPU.ActiveCfg = Debug|Any CPU
		{450EA550-513D-4F1B-8B1B-8A294156BA23}.Debug|Any CPU.Build.0 = Debug|Any CPU
		{450EA550-513D-4F1B-8B1B-8A294156BA23}.Release|Any CPU.ActiveCfg = Release|Any CPU
		{450EA550-513D-4F1B-8B1B-8A294156BA23}.Release|Any CPU.Build.0 = Release|Any CPU
	EndGlobalSection
	GlobalSection(SolutionProperties) = preSolution
		HideSolutionNode = FALSE
	EndGlobalSection
	GlobalSection(NestedProjects) = preSolution
		{DDBBAB89-8BF4-4987-9FE6-C89376822F53} = {F6D76DA0-0B81-4981-A406-80B15B01EAA7}
		{FDD78C21-DA03-4EBE-B1AA-6AAFB364AFDD} = {F6D76DA0-0B81-4981-A406-80B15B01EAA7}
		{0A4D235C-397A-42BD-A41F-E7A483787DCA} = {F6D76DA0-0B81-4981-A406-80B15B01EAA7}
		{8AFA5653-8B52-42C6-9EAC-F5F21D0787C9} = {F6D76DA0-0B81-4981-A406-80B15B01EAA7}
		{450EA550-513D-4F1B-8B1B-8A294156BA23} = {7EFF9C76-895F-4636-8B35-B8BE9C79CC89}
	EndGlobalSection
	GlobalSection(ExtensibilityGlobals) = postSolution
		SolutionGuid = {556062DE-5A5D-4B51-929A-8C6FA0B38E62}
	EndGlobalSection
EndGlobal
